
Microsoft Visual Studio Solution File, Format Version 12.00
# Visual Studio Version 16
VisualStudioVersion = 16.0.31424.327
MinimumVisualStudioVersion = 10.0.40219.1
Project("{FAE04EC0-301F-11D3-BF4B-00C04F79EFBC}") = "WindowsFormsApp1", "WindowsFormsApp1\WindowsFormsApp1.csproj", "{DCA24454-C93C-4DE5-9F2F-37EA5C684996}"
EndProject
Global
	GlobalSection(SolutionConfigurationPlatforms) = preSolution
		Debug|Any CPU = Debug|Any CPU
		Release|Any CPU = Release|Any CPU
	EndGlobalSection
	GlobalSection(ProjectConfigurationPlatforms) = postSolution
		{DCA24454-C93C-4DE5-9F2F-37EA5C684996}.Debug|Any CPU.ActiveCfg = Debug|Any CPU
		{DCA24454-C93C-4DE5-9F2F-37EA5C684996}.Debug|Any CPU.Build.0 = Debug|Any CPU
		{DCA24454-C93C-4DE5-9F2F-37EA5C684996}.Release|Any CPU.ActiveCfg = Release|Any CPU
		{DCA24454-C93C-4DE5-9F2F-37EA5C684996}.Release|Any CPU.Build.0 = Release|Any CPU
	EndGlobalSection
	GlobalSection(SolutionProperties) = preSolution
		HideSolutionNode = FALSE
	EndGlobalSection
	GlobalSection(ExtensibilityGlobals) = postSolution
		SolutionGuid = {F3167ACB-D1EF-41DC-8F2D-76C5135C2412}
	EndGlobalSection
EndGlobal
